<?xml version="1.0" encoding="utf-8"?>
<Project ToolsVersion="4.0" xmlns="http://schemas.microsoft.com/developer/msbuild/2003">
  <ItemGroup>
    <Filter Include="Source Files">
      <UniqueIdentifier>{4FC737F1-C7A5-4376-A066-2A32D752A2FF}</UniqueIdentifier>
      <Extensions>cpp;c;cc;cxx;def;odl;idl;hpj;bat;asm;asmx</Extensions>
    </Filter>
    <Filter Include="Header Files">
      <UniqueIdentifier>{93995380-89BD-4b04-88EB-625FBE52EBFB}</UniqueIdentifier>
      <Extensions>h;hh;hpp;hxx;hm;inl;inc;ipp;xsd</Extensions>
    </Filter>
  </ItemGroup>
  <ItemGroup>
    <ClInclude Include="stdafx.h">
      <Filter>Header Files</Filter>
    </ClInclude>
    <ClInclude Include="targetver.h">
      <Filter>Header Files</Filter>
    </ClInclude>
    <ClInclude Include="boat.h">
      <Filter>Header Files</Filter>
    </ClInclude>
    <ClInclude Include="propulsion.h">
      <Filter>Header Files</Filter>
    </ClInclude>
    <ClInclude Include="paddle.h">
      <Filter>Header Files</Filter>
    </ClInclude>
    <ClInclude Include="sail.h">
      <Filter>Header Files</Filter>
    </ClInclude>
    <ClInclude Include="cardinal.h">
      <Filter>Header Files</Filter>
    </ClInclude>
    <ClInclude Include="raft.h">
      <Filter>Header Files</Filter>
    </ClInclude>
    <ClInclude Include="canoe.h">
      <Filter>Header Files</Filter>
    </ClInclude>
    <ClInclude Include="sailboat.h">
      <Filter>Header Files</Filter>
    </ClInclude>
    <ClInclude Include="chart.h">
      <Filter>Header Files</Filter>
    </ClInclude>
    <ClInclude Include="current.h">
      <Filter>Header Files</Filter>
    </ClInclude>
    <ClInclude Include="wind.h">
      <Filter>Header Files</Filter>
    </ClInclude>
    <ClInclude Include="randomdirection.h">
      <Filter>Header Files</Filter>
    </ClInclude>
    <ClInclude Include="hull.h">
      <Filter>Header Files</Filter>
    </ClInclude>
    <ClInclude Include="monoHull.h">
      <Filter>Header Files</Filter>
    </ClInclude>
    <ClInclude Include="multiHull.h">
      <Filter>Header Files</Filter>
    </ClInclude>
  </ItemGroup>
  <ItemGroup>
    <ClCompile Include="stdafx.cpp">
      <Filter>Source Files</Filter>
    </ClCompile>
    <ClCompile Include="main.cpp">
      <Filter>Source Files</Filter>
    </ClCompile>
    <ClCompile Include="boat.cpp">
      <Filter>Source Files</Filter>
    </ClCompile>
    <ClCompile Include="propulsion.cpp">
      <Filter>Source Files</Filter>
    </ClCompile>
    <ClCompile Include="paddle.cpp">
      <Filter>Source Files</Filter>
    </ClCompile>
    <ClCompile Include="sail.cpp">
      <Filter>Source Files</Filter>
    </ClCompile>
    <ClCompile Include="cardinal.cpp">
      <Filter>Source Files</Filter>
    </ClCompile>
    <ClCompile Include="raft.cpp">
      <Filter>Source Files</Filter>
    </ClCompile>
    <ClCompile Include="canoe.cpp">
      <Filter>Source Files</Filter>
    </ClCompile>
    <ClCompile Include="sailboat.cpp">
      <Filter>Source Files</Filter>
    </ClCompile>
    <ClCompile Include="chart.cpp">
      <Filter>Source Files</Filter>
    </ClCompile>
    <ClCompile Include="current.cpp">
      <Filter>Source Files</Filter>
    </ClCompile>
    <ClCompile Include="wind.cpp">
      <Filter>Source Files</Filter>
    </ClCompile>
    <ClCompile Include="randomdirection.cpp">
      <Filter>Source Files</Filter>
    </ClCompile>
    <ClCompile Include="hull.cpp">
      <Filter>Source Files</Filter>
    </ClCompile>
    <ClCompile Include="monoHull.cpp">
      <Filter>Source Files</Filter>
    </ClCompile>
    <ClCompile Include="multiHull.cpp">
      <Filter>Source Files</Filter>
    </ClCompile>
  </ItemGroup>
</Project>