
Microsoft Visual Studio Solution File, Format Version 12.00
# Visual Studio 15
VisualStudioVersion = 15.0.27428.2037
MinimumVisualStudioVersion = 10.0.40219.1
Project("{8BC9CEB8-8B4A-11D0-8D11-00A0C91BC942}") = "Waka", "Waka\Waka.vcxproj", "{EFB7B5EE-CC4E-4E8F-BE0A-3B0A076F7A59}"
EndProject
Project("{2150E333-8FDC-42A3-9474-1A3956D46DE8}") = "Solution Items", "Solution Items", "{ADFA6CC8-16B3-451B-A0D6-2B2B240A70A8}"
	ProjectSection(SolutionItems) = preProject
		README.md = README.md
	EndProjectSection
EndProject
Global
	GlobalSection(SolutionConfigurationPlatforms) = preSolution
		Debug|x64 = Debug|x64
		Debug|x86 = Debug|x86
		Release|x64 = Release|x64
		Release|x86 = Release|x86
	EndGlobalSection
	GlobalSection(ProjectConfigurationPlatforms) = postSolution
		{EFB7B5EE-CC4E-4E8F-BE0A-3B0A076F7A59}.Debug|x64.ActiveCfg = Debug|x64
		{EFB7B5EE-CC4E-4E8F-BE0A-3B0A076F7A59}.Debug|x64.Build.0 = Debug|x64
		{EFB7B5EE-CC4E-4E8F-BE0A-3B0A076F7A59}.Debug|x86.ActiveCfg = Debug|Win32
		{EFB7B5EE-CC4E-4E8F-BE0A-3B0A076F7A59}.Debug|x86.Build.0 = Debug|Win32
		{EFB7B5EE-CC4E-4E8F-BE0A-3B0A076F7A59}.Release|x64.ActiveCfg = Release|x64
		{EFB7B5EE-CC4E-4E8F-BE0A-3B0A076F7A59}.Release|x64.Build.0 = Release|x64
		{EFB7B5EE-CC4E-4E8F-BE0A-3B0A076F7A59}.Release|x86.ActiveCfg = Release|Win32
		{EFB7B5EE-CC4E-4E8F-BE0A-3B0A076F7A59}.Release|x86.Build.0 = Release|Win32
	EndGlobalSection
	GlobalSection(SolutionProperties) = preSolution
		HideSolutionNode = FALSE
	EndGlobalSection
	GlobalSection(ExtensibilityGlobals) = postSolution
		SolutionGuid = {E3567B11-95C6-4EC5-A4CA-7CBCAE0FC46E}
	EndGlobalSection
EndGlobal
