
Microsoft Visual Studio Solution File, Format Version 12.00
# Visual Studio 15
VisualStudioVersion = 15.0.27428.2027
MinimumVisualStudioVersion = 10.0.40219.1
Project("{8BC9CEB8-8B4A-11D0-8D11-00A0C91BC942}") = "Waka", "Waka\Waka.vcxproj", "{09B8E5D1-328A-406E-91E2-3A080D717DAB}"
EndProject
Project("{2150E333-8FDC-42A3-9474-1A3956D46DE8}") = "Solution Items", "Solution Items", "{CA9ED56C-5F9F-401B-85F1-2C31FF3605D3}"
	ProjectSection(SolutionItems) = preProject
		..\README.md = ..\README.md
	EndProjectSection
EndProject
Global
	GlobalSection(SolutionConfigurationPlatforms) = preSolution
		Debug|x64 = Debug|x64
		Debug|x86 = Debug|x86
		Release|x64 = Release|x64
		Release|x86 = Release|x86
	EndGlobalSection
	GlobalSection(ProjectConfigurationPlatforms) = postSolution
		{09B8E5D1-328A-406E-91E2-3A080D717DAB}.Debug|x64.ActiveCfg = Debug|x64
		{09B8E5D1-328A-406E-91E2-3A080D717DAB}.Debug|x64.Build.0 = Debug|x64
		{09B8E5D1-328A-406E-91E2-3A080D717DAB}.Debug|x86.ActiveCfg = Debug|Win32
		{09B8E5D1-328A-406E-91E2-3A080D717DAB}.Debug|x86.Build.0 = Debug|Win32
		{09B8E5D1-328A-406E-91E2-3A080D717DAB}.Release|x64.ActiveCfg = Release|x64
		{09B8E5D1-328A-406E-91E2-3A080D717DAB}.Release|x64.Build.0 = Release|x64
		{09B8E5D1-328A-406E-91E2-3A080D717DAB}.Release|x86.ActiveCfg = Release|Win32
		{09B8E5D1-328A-406E-91E2-3A080D717DAB}.Release|x86.Build.0 = Release|Win32
	EndGlobalSection
	GlobalSection(SolutionProperties) = preSolution
		HideSolutionNode = FALSE
	EndGlobalSection
	GlobalSection(ExtensibilityGlobals) = postSolution
		SolutionGuid = {15C3E7F7-7A76-45E4-A0D4-A1E778A52D63}
	EndGlobalSection
EndGlobal
