
Microsoft Visual Studio Solution File, Format Version 12.00
# Visual Studio 15
VisualStudioVersion = 15.0.27428.2027
MinimumVisualStudioVersion = 10.0.40219.1
Project("{8BC9CEB8-8B4A-11D0-8D11-00A0C91BC942}") = "Waka", "CST136SRS02\CST136SRS02.vcxproj", "{D74D2632-F4CF-43D0-B571-3EC6CE64B373}"
EndProject
Project("{2150E333-8FDC-42A3-9474-1A3956D46DE8}") = "Solution Items", "Solution Items", "{B65D2D93-B397-4569-96DB-EF332C189BD4}"
	ProjectSection(SolutionItems) = preProject
		..\README.md = ..\README.md
	EndProjectSection
EndProject
Global
	GlobalSection(SolutionConfigurationPlatforms) = preSolution
		Debug|x64 = Debug|x64
		Debug|x86 = Debug|x86
		Release|x64 = Release|x64
		Release|x86 = Release|x86
	EndGlobalSection
	GlobalSection(ProjectConfigurationPlatforms) = postSolution
		{D74D2632-F4CF-43D0-B571-3EC6CE64B373}.Debug|x64.ActiveCfg = Debug|x64
		{D74D2632-F4CF-43D0-B571-3EC6CE64B373}.Debug|x64.Build.0 = Debug|x64
		{D74D2632-F4CF-43D0-B571-3EC6CE64B373}.Debug|x86.ActiveCfg = Debug|Win32
		{D74D2632-F4CF-43D0-B571-3EC6CE64B373}.Debug|x86.Build.0 = Debug|Win32
		{D74D2632-F4CF-43D0-B571-3EC6CE64B373}.Release|x64.ActiveCfg = Release|x64
		{D74D2632-F4CF-43D0-B571-3EC6CE64B373}.Release|x64.Build.0 = Release|x64
		{D74D2632-F4CF-43D0-B571-3EC6CE64B373}.Release|x86.ActiveCfg = Release|Win32
		{D74D2632-F4CF-43D0-B571-3EC6CE64B373}.Release|x86.Build.0 = Release|Win32
	EndGlobalSection
	GlobalSection(SolutionProperties) = preSolution
		HideSolutionNode = FALSE
	EndGlobalSection
	GlobalSection(ExtensibilityGlobals) = postSolution
		SolutionGuid = {F660E4A6-D38F-4895-ACB6-0A74B5B69DC1}
	EndGlobalSection
EndGlobal
